
Microsoft Visual Studio Solution File, Format Version 12.00
# Visual Studio 2013
VisualStudioVersion = 12.0.30501.0
MinimumVisualStudioVersion = 10.0.40219.1
Project("{FAE04EC0-301F-11D3-BF4B-00C04F79EFBC}") = "GoucherDiningAppPOC1", "GoucherDiningAppPOC1\GoucherDiningAppPOC1.csproj", "{2E4FD2C6-6520-4C3D-B271-C44A8D233077}"
EndProject
Project("{FAE04EC0-301F-11D3-BF4B-00C04F79EFBC}") = "JSONBindingTest", "JSONBindingTest\JSONBindingTest.csproj", "{75D8E3AE-14F7-4E61-9D6C-231F89078C2B}"
EndProject
Project("{FAE04EC0-301F-11D3-BF4B-00C04F79EFBC}") = "JumpListSample", "..\JumpListSample\JumpListSample\JumpListSample.csproj", "{CBF6AF4F-5945-4392-821E-584103987D2A}"
EndProject
Project("{FAE04EC0-301F-11D3-BF4B-00C04F79EFBC}") = "BasicCalorieCalc.app", "BasicCalorieCalc.app\BasicCalorieCalc.app.csproj", "{A99AB4CF-792E-421F-902A-D2001917C114}"
EndProject
Project("{FAE04EC0-301F-11D3-BF4B-00C04F79EFBC}") = "MSDN Voice Search", "..\MSDN Voice Search for Windows Phone 8.1\C#\MSDN Voice Search\MSDN Voice Search.csproj", "{72DE4CEE-BB65-47C5-9C88-711765424B35}"
EndProject
Project("{262852C6-CD72-467D-83FE-5EEB1973A190}") = "site2App", "..\..\..\WPSamples\WAT\windows-8-1-development-project\site2App\site2App.jsproj", "{73210CB2-75C6-40AE-85C0-76D85B0305B1}"
EndProject
Project("{FAE04EC0-301F-11D3-BF4B-00C04F79EFBC}") = "Tools", "..\..\..\WPSamples\WAT\windows-8-1-development-project\Tools\Tools.csproj", "{E158DDF6-3CEF-4263-88BE-B7A88B472B6F}"
EndProject
Project("{2150E333-8FDC-42A3-9474-1A3956D46DE8}") = "site2App", "site2App", "{2E8CDFB8-11D5-4DFA-8C08-46778C20F53C}"
EndProject
Project("{D954291E-2A0B-460D-934E-DC6B0785DB48}") = "site2App.Shared", "..\..\..\WPSamples\WAT\windows-8-1-development-project\site2App.Shared\site2App.Shared.shproj", "{0B40A108-87F0-4B92-BD42-EF5849E511FF}"
EndProject
Project("{262852C6-CD72-467D-83FE-5EEB1973A190}") = "site2App.WindowsPhone", "..\..\..\WPSamples\WAT\windows-8-1-development-project\site2App.WindowsPhone\site2App.WindowsPhone.jsproj", "{4CB96626-A99E-45B6-8C84-CE94C694CD52}"
EndProject
Project("{FAE04EC0-301F-11D3-BF4B-00C04F79EFBC}") = "TelerikWindowsPhoneApp1", "TelerikWindowsPhoneApp1\TelerikWindowsPhoneApp1.csproj", "{5CBF3DC1-BE34-45C7-9C56-4FE1B337F726}"
EndProject
Project("{FAE04EC0-301F-11D3-BF4B-00C04F79EFBC}") = "GoucherDiningService", "GoucherDiningService\GoucherDiningService.csproj", "{BAC8D2E6-BE48-435E-9E56-A36790FD43B6}"
EndProject
Global
	GlobalSection(SharedMSBuildProjectFiles) = preSolution
		..\..\..\WPSamples\WAT\windows-8-1-development-project\site2App.Shared\site2App.Shared.projitems*{4cb96626-a99e-45b6-8c84-ce94c694cd52}*SharedItemsImports = 5
		..\..\..\WPSamples\WAT\windows-8-1-development-project\site2App.Shared\site2App.Shared.projitems*{0b40a108-87f0-4b92-bd42-ef5849e511ff}*SharedItemsImports = 13
		..\..\..\WPSamples\WAT\windows-8-1-development-project\site2App.Shared\site2App.Shared.projitems*{73210cb2-75c6-40ae-85c0-76d85b0305b1}*SharedItemsImports = 5
	EndGlobalSection
	GlobalSection(TeamFoundationVersionControl) = preSolution
		SccNumberOfProjects = 8
		SccEnterpriseProvider = {4CA58AB2-18FA-4F8D-95D4-32DDF27D184C}
		SccTeamFoundationServer = https://aribornstein.visualstudio.com/defaultcollection
		SccLocalPath0 = .
		SccProjectUniqueName1 = BasicCalorieCalc.app\\BasicCalorieCalc.app.csproj
		SccProjectName1 = BasicCalorieCalc.app
		SccLocalPath1 = BasicCalorieCalc.app
		SccProjectUniqueName2 = GoucherDiningAppPOC1\\GoucherDiningAppPOC1.csproj
		SccProjectName2 = GoucherDiningAppPOC1
		SccLocalPath2 = GoucherDiningAppPOC1
		SccProjectUniqueName3 = GoucherDiningService\\GoucherDiningService.csproj
		SccProjectName3 = GoucherDiningService
		SccLocalPath3 = GoucherDiningService
		SccProjectUniqueName4 = JSONBindingTest\\JSONBindingTest.csproj
		SccProjectName4 = JSONBindingTest
		SccLocalPath4 = JSONBindingTest
		SccProjectUniqueName5 = TelerikWindowsPhoneApp1\\TelerikWindowsPhoneApp1.csproj
		SccProjectName5 = TelerikWindowsPhoneApp1
		SccLocalPath5 = TelerikWindowsPhoneApp1
		SccProjectUniqueName6 = ..\\JumpListSample\\JumpListSample\\JumpListSample.csproj
		SccProjectName6 = ../JumpListSample/JumpListSample
		SccLocalPath6 = ..\\JumpListSample\\JumpListSample
		SccProjectUniqueName7 = ..\\MSDN\u0020Voice\u0020Search\u0020for\u0020Windows\u0020Phone\u00208.1\\C#\\MSDN\u0020Voice\u0020Search\\MSDN\u0020Voice\u0020Search.csproj
		SccProjectName7 = ../MSDN\u0020Voice\u0020Search\u0020for\u0020Windows\u0020Phone\u00208.1/C#/MSDN\u0020Voice\u0020Search
		SccLocalPath7 = ..\\MSDN\u0020Voice\u0020Search\u0020for\u0020Windows\u0020Phone\u00208.1\\C#\\MSDN\u0020Voice\u0020Search
	EndGlobalSection
	GlobalSection(SolutionConfigurationPlatforms) = preSolution
		Debug|Any CPU = Debug|Any CPU
		Debug|ARM = Debug|ARM
		Debug|x64 = Debug|x64
		Debug|x86 = Debug|x86
		Release|Any CPU = Release|Any CPU
		Release|ARM = Release|ARM
		Release|x64 = Release|x64
		Release|x86 = Release|x86
	EndGlobalSection
	GlobalSection(ProjectConfigurationPlatforms) = postSolution
		{2E4FD2C6-6520-4C3D-B271-C44A8D233077}.Debug|Any CPU.ActiveCfg = Debug|Any CPU
		{2E4FD2C6-6520-4C3D-B271-C44A8D233077}.Debug|Any CPU.Build.0 = Debug|Any CPU
		{2E4FD2C6-6520-4C3D-B271-C44A8D233077}.Debug|Any CPU.Deploy.0 = Debug|Any CPU
		{2E4FD2C6-6520-4C3D-B271-C44A8D233077}.Debug|ARM.ActiveCfg = Debug|ARM
		{2E4FD2C6-6520-4C3D-B271-C44A8D233077}.Debug|ARM.Build.0 = Debug|ARM
		{2E4FD2C6-6520-4C3D-B271-C44A8D233077}.Debug|ARM.Deploy.0 = Debug|ARM
		{2E4FD2C6-6520-4C3D-B271-C44A8D233077}.Debug|x64.ActiveCfg = Debug|Any CPU
		{2E4FD2C6-6520-4C3D-B271-C44A8D233077}.Debug|x86.ActiveCfg = Debug|x86
		{2E4FD2C6-6520-4C3D-B271-C44A8D233077}.Debug|x86.Build.0 = Debug|x86
		{2E4FD2C6-6520-4C3D-B271-C44A8D233077}.Debug|x86.Deploy.0 = Debug|x86
		{2E4FD2C6-6520-4C3D-B271-C44A8D233077}.Release|Any CPU.ActiveCfg = Release|Any CPU
		{2E4FD2C6-6520-4C3D-B271-C44A8D233077}.Release|Any CPU.Build.0 = Release|Any CPU
		{2E4FD2C6-6520-4C3D-B271-C44A8D233077}.Release|Any CPU.Deploy.0 = Release|Any CPU
		{2E4FD2C6-6520-4C3D-B271-C44A8D233077}.Release|ARM.ActiveCfg = Release|ARM
		{2E4FD2C6-6520-4C3D-B271-C44A8D233077}.Release|ARM.Build.0 = Release|ARM
		{2E4FD2C6-6520-4C3D-B271-C44A8D233077}.Release|ARM.Deploy.0 = Release|ARM
		{2E4FD2C6-6520-4C3D-B271-C44A8D233077}.Release|x64.ActiveCfg = Release|Any CPU
		{2E4FD2C6-6520-4C3D-B271-C44A8D233077}.Release|x86.ActiveCfg = Release|x86
		{2E4FD2C6-6520-4C3D-B271-C44A8D233077}.Release|x86.Build.0 = Release|x86
		{2E4FD2C6-6520-4C3D-B271-C44A8D233077}.Release|x86.Deploy.0 = Release|x86
		{75D8E3AE-14F7-4E61-9D6C-231F89078C2B}.Debug|Any CPU.ActiveCfg = Debug|Any CPU
		{75D8E3AE-14F7-4E61-9D6C-231F89078C2B}.Debug|Any CPU.Build.0 = Debug|Any CPU
		{75D8E3AE-14F7-4E61-9D6C-231F89078C2B}.Debug|Any CPU.Deploy.0 = Debug|Any CPU
		{75D8E3AE-14F7-4E61-9D6C-231F89078C2B}.Debug|ARM.ActiveCfg = Debug|ARM
		{75D8E3AE-14F7-4E61-9D6C-231F89078C2B}.Debug|ARM.Build.0 = Debug|ARM
		{75D8E3AE-14F7-4E61-9D6C-231F89078C2B}.Debug|ARM.Deploy.0 = Debug|ARM
		{75D8E3AE-14F7-4E61-9D6C-231F89078C2B}.Debug|x64.ActiveCfg = Debug|Any CPU
		{75D8E3AE-14F7-4E61-9D6C-231F89078C2B}.Debug|x86.ActiveCfg = Debug|x86
		{75D8E3AE-14F7-4E61-9D6C-231F89078C2B}.Debug|x86.Build.0 = Debug|x86
		{75D8E3AE-14F7-4E61-9D6C-231F89078C2B}.Debug|x86.Deploy.0 = Debug|x86
		{75D8E3AE-14F7-4E61-9D6C-231F89078C2B}.Release|Any CPU.ActiveCfg = Release|Any CPU
		{75D8E3AE-14F7-4E61-9D6C-231F89078C2B}.Release|Any CPU.Build.0 = Release|Any CPU
		{75D8E3AE-14F7-4E61-9D6C-231F89078C2B}.Release|Any CPU.Deploy.0 = Release|Any CPU
		{75D8E3AE-14F7-4E61-9D6C-231F89078C2B}.Release|ARM.ActiveCfg = Release|ARM
		{75D8E3AE-14F7-4E61-9D6C-231F89078C2B}.Release|ARM.Build.0 = Release|ARM
		{75D8E3AE-14F7-4E61-9D6C-231F89078C2B}.Release|ARM.Deploy.0 = Release|ARM
		{75D8E3AE-14F7-4E61-9D6C-231F89078C2B}.Release|x64.ActiveCfg = Release|Any CPU
		{75D8E3AE-14F7-4E61-9D6C-231F89078C2B}.Release|x86.ActiveCfg = Release|x86
		{75D8E3AE-14F7-4E61-9D6C-231F89078C2B}.Release|x86.Build.0 = Release|x86
		{75D8E3AE-14F7-4E61-9D6C-231F89078C2B}.Release|x86.Deploy.0 = Release|x86
		{CBF6AF4F-5945-4392-821E-584103987D2A}.Debug|Any CPU.ActiveCfg = Debug|Any CPU
		{CBF6AF4F-5945-4392-821E-584103987D2A}.Debug|Any CPU.Build.0 = Debug|Any CPU
		{CBF6AF4F-5945-4392-821E-584103987D2A}.Debug|Any CPU.Deploy.0 = Debug|Any CPU
		{CBF6AF4F-5945-4392-821E-584103987D2A}.Debug|ARM.ActiveCfg = Debug|ARM
		{CBF6AF4F-5945-4392-821E-584103987D2A}.Debug|ARM.Build.0 = Debug|ARM
		{CBF6AF4F-5945-4392-821E-584103987D2A}.Debug|ARM.Deploy.0 = Debug|ARM
		{CBF6AF4F-5945-4392-821E-584103987D2A}.Debug|x64.ActiveCfg = Debug|Any CPU
		{CBF6AF4F-5945-4392-821E-584103987D2A}.Debug|x86.ActiveCfg = Debug|x86
		{CBF6AF4F-5945-4392-821E-584103987D2A}.Debug|x86.Build.0 = Debug|x86
		{CBF6AF4F-5945-4392-821E-584103987D2A}.Debug|x86.Deploy.0 = Debug|x86
		{CBF6AF4F-5945-4392-821E-584103987D2A}.Release|Any CPU.ActiveCfg = Release|Any CPU
		{CBF6AF4F-5945-4392-821E-584103987D2A}.Release|Any CPU.Build.0 = Release|Any CPU
		{CBF6AF4F-5945-4392-821E-584103987D2A}.Release|Any CPU.Deploy.0 = Release|Any CPU
		{CBF6AF4F-5945-4392-821E-584103987D2A}.Release|ARM.ActiveCfg = Release|ARM
		{CBF6AF4F-5945-4392-821E-584103987D2A}.Release|ARM.Build.0 = Release|ARM
		{CBF6AF4F-5945-4392-821E-584103987D2A}.Release|ARM.Deploy.0 = Release|ARM
		{CBF6AF4F-5945-4392-821E-584103987D2A}.Release|x64.ActiveCfg = Release|Any CPU
		{CBF6AF4F-5945-4392-821E-584103987D2A}.Release|x86.ActiveCfg = Release|x86
		{CBF6AF4F-5945-4392-821E-584103987D2A}.Release|x86.Build.0 = Release|x86
		{CBF6AF4F-5945-4392-821E-584103987D2A}.Release|x86.Deploy.0 = Release|x86
		{A99AB4CF-792E-421F-902A-D2001917C114}.Debug|Any CPU.ActiveCfg = Debug|Any CPU
		{A99AB4CF-792E-421F-902A-D2001917C114}.Debug|Any CPU.Build.0 = Debug|Any CPU
		{A99AB4CF-792E-421F-902A-D2001917C114}.Debug|Any CPU.Deploy.0 = Debug|Any CPU
		{A99AB4CF-792E-421F-902A-D2001917C114}.Debug|ARM.ActiveCfg = Debug|ARM
		{A99AB4CF-792E-421F-902A-D2001917C114}.Debug|ARM.Build.0 = Debug|ARM
		{A99AB4CF-792E-421F-902A-D2001917C114}.Debug|ARM.Deploy.0 = Debug|ARM
		{A99AB4CF-792E-421F-902A-D2001917C114}.Debug|x64.ActiveCfg = Debug|Any CPU
		{A99AB4CF-792E-421F-902A-D2001917C114}.Debug|x86.ActiveCfg = Debug|x86
		{A99AB4CF-792E-421F-902A-D2001917C114}.Debug|x86.Build.0 = Debug|x86
		{A99AB4CF-792E-421F-902A-D2001917C114}.Debug|x86.Deploy.0 = Debug|x86
		{A99AB4CF-792E-421F-902A-D2001917C114}.Release|Any CPU.ActiveCfg = Release|Any CPU
		{A99AB4CF-792E-421F-902A-D2001917C114}.Release|Any CPU.Build.0 = Release|Any CPU
		{A99AB4CF-792E-421F-902A-D2001917C114}.Release|Any CPU.Deploy.0 = Release|Any CPU
		{A99AB4CF-792E-421F-902A-D2001917C114}.Release|ARM.ActiveCfg = Release|ARM
		{A99AB4CF-792E-421F-902A-D2001917C114}.Release|ARM.Build.0 = Release|ARM
		{A99AB4CF-792E-421F-902A-D2001917C114}.Release|ARM.Deploy.0 = Release|ARM
		{A99AB4CF-792E-421F-902A-D2001917C114}.Release|x64.ActiveCfg = Release|Any CPU
		{A99AB4CF-792E-421F-902A-D2001917C114}.Release|x86.ActiveCfg = Release|x86
		{A99AB4CF-792E-421F-902A-D2001917C114}.Release|x86.Build.0 = Release|x86
		{A99AB4CF-792E-421F-902A-D2001917C114}.Release|x86.Deploy.0 = Release|x86
		{72DE4CEE-BB65-47C5-9C88-711765424B35}.Debug|Any CPU.ActiveCfg = Debug|Any CPU
		{72DE4CEE-BB65-47C5-9C88-711765424B35}.Debug|Any CPU.Build.0 = Debug|Any CPU
		{72DE4CEE-BB65-47C5-9C88-711765424B35}.Debug|Any CPU.Deploy.0 = Debug|Any CPU
		{72DE4CEE-BB65-47C5-9C88-711765424B35}.Debug|ARM.ActiveCfg = Debug|ARM
		{72DE4CEE-BB65-47C5-9C88-711765424B35}.Debug|ARM.Build.0 = Debug|ARM
		{72DE4CEE-BB65-47C5-9C88-711765424B35}.Debug|ARM.Deploy.0 = Debug|ARM
		{72DE4CEE-BB65-47C5-9C88-711765424B35}.Debug|x64.ActiveCfg = Debug|Any CPU
		{72DE4CEE-BB65-47C5-9C88-711765424B35}.Debug|x86.ActiveCfg = Debug|x86
		{72DE4CEE-BB65-47C5-9C88-711765424B35}.Debug|x86.Build.0 = Debug|x86
		{72DE4CEE-BB65-47C5-9C88-711765424B35}.Debug|x86.Deploy.0 = Debug|x86
		{72DE4CEE-BB65-47C5-9C88-711765424B35}.Release|Any CPU.ActiveCfg = Release|Any CPU
		{72DE4CEE-BB65-47C5-9C88-711765424B35}.Release|Any CPU.Build.0 = Release|Any CPU
		{72DE4CEE-BB65-47C5-9C88-711765424B35}.Release|Any CPU.Deploy.0 = Release|Any CPU
		{72DE4CEE-BB65-47C5-9C88-711765424B35}.Release|ARM.ActiveCfg = Release|ARM
		{72DE4CEE-BB65-47C5-9C88-711765424B35}.Release|ARM.Build.0 = Release|ARM
		{72DE4CEE-BB65-47C5-9C88-711765424B35}.Release|ARM.Deploy.0 = Release|ARM
		{72DE4CEE-BB65-47C5-9C88-711765424B35}.Release|x64.ActiveCfg = Release|Any CPU
		{72DE4CEE-BB65-47C5-9C88-711765424B35}.Release|x86.ActiveCfg = Release|x86
		{72DE4CEE-BB65-47C5-9C88-711765424B35}.Release|x86.Build.0 = Release|x86
		{72DE4CEE-BB65-47C5-9C88-711765424B35}.Release|x86.Deploy.0 = Release|x86
		{73210CB2-75C6-40AE-85C0-76D85B0305B1}.Debug|Any CPU.ActiveCfg = Debug|Any CPU
		{73210CB2-75C6-40AE-85C0-76D85B0305B1}.Debug|Any CPU.Build.0 = Debug|Any CPU
		{73210CB2-75C6-40AE-85C0-76D85B0305B1}.Debug|Any CPU.Deploy.0 = Debug|Any CPU
		{73210CB2-75C6-40AE-85C0-76D85B0305B1}.Debug|ARM.ActiveCfg = Debug|ARM
		{73210CB2-75C6-40AE-85C0-76D85B0305B1}.Debug|ARM.Build.0 = Debug|ARM
		{73210CB2-75C6-40AE-85C0-76D85B0305B1}.Debug|ARM.Deploy.0 = Debug|ARM
		{73210CB2-75C6-40AE-85C0-76D85B0305B1}.Debug|x64.ActiveCfg = Debug|x64
		{73210CB2-75C6-40AE-85C0-76D85B0305B1}.Debug|x64.Build.0 = Debug|x64
		{73210CB2-75C6-40AE-85C0-76D85B0305B1}.Debug|x64.Deploy.0 = Debug|x64
		{73210CB2-75C6-40AE-85C0-76D85B0305B1}.Debug|x86.ActiveCfg = Debug|x86
		{73210CB2-75C6-40AE-85C0-76D85B0305B1}.Debug|x86.Build.0 = Debug|x86
		{73210CB2-75C6-40AE-85C0-76D85B0305B1}.Debug|x86.Deploy.0 = Debug|x86
		{73210CB2-75C6-40AE-85C0-76D85B0305B1}.Release|Any CPU.ActiveCfg = Release|Any CPU
		{73210CB2-75C6-40AE-85C0-76D85B0305B1}.Release|Any CPU.Build.0 = Release|Any CPU
		{73210CB2-75C6-40AE-85C0-76D85B0305B1}.Release|Any CPU.Deploy.0 = Release|Any CPU
		{73210CB2-75C6-40AE-85C0-76D85B0305B1}.Release|ARM.ActiveCfg = Release|ARM
		{73210CB2-75C6-40AE-85C0-76D85B0305B1}.Release|ARM.Build.0 = Release|ARM
		{73210CB2-75C6-40AE-85C0-76D85B0305B1}.Release|ARM.Deploy.0 = Release|ARM
		{73210CB2-75C6-40AE-85C0-76D85B0305B1}.Release|x64.ActiveCfg = Release|x64
		{73210CB2-75C6-40AE-85C0-76D85B0305B1}.Release|x64.Build.0 = Release|x64
		{73210CB2-75C6-40AE-85C0-76D85B0305B1}.Release|x64.Deploy.0 = Release|x64
		{73210CB2-75C6-40AE-85C0-76D85B0305B1}.Release|x86.ActiveCfg = Release|x86
		{73210CB2-75C6-40AE-85C0-76D85B0305B1}.Release|x86.Build.0 = Release|x86
		{73210CB2-75C6-40AE-85C0-76D85B0305B1}.Release|x86.Deploy.0 = Release|x86
		{E158DDF6-3CEF-4263-88BE-B7A88B472B6F}.Debug|Any CPU.ActiveCfg = Debug|Any CPU
		{E158DDF6-3CEF-4263-88BE-B7A88B472B6F}.Debug|Any CPU.Build.0 = Debug|Any CPU
		{E158DDF6-3CEF-4263-88BE-B7A88B472B6F}.Debug|ARM.ActiveCfg = Debug|ARM
		{E158DDF6-3CEF-4263-88BE-B7A88B472B6F}.Debug|ARM.Build.0 = Debug|ARM
		{E158DDF6-3CEF-4263-88BE-B7A88B472B6F}.Debug|x64.ActiveCfg = Debug|x64
		{E158DDF6-3CEF-4263-88BE-B7A88B472B6F}.Debug|x64.Build.0 = Debug|x64
		{E158DDF6-3CEF-4263-88BE-B7A88B472B6F}.Debug|x86.ActiveCfg = Debug|x86
		{E158DDF6-3CEF-4263-88BE-B7A88B472B6F}.Debug|x86.Build.0 = Debug|x86
		{E158DDF6-3CEF-4263-88BE-B7A88B472B6F}.Release|Any CPU.ActiveCfg = Release|Any CPU
		{E158DDF6-3CEF-4263-88BE-B7A88B472B6F}.Release|Any CPU.Build.0 = Release|Any CPU
		{E158DDF6-3CEF-4263-88BE-B7A88B472B6F}.Release|ARM.ActiveCfg = Release|ARM
		{E158DDF6-3CEF-4263-88BE-B7A88B472B6F}.Release|ARM.Build.0 = Release|ARM
		{E158DDF6-3CEF-4263-88BE-B7A88B472B6F}.Release|x64.ActiveCfg = Release|x64
		{E158DDF6-3CEF-4263-88BE-B7A88B472B6F}.Release|x64.Build.0 = Release|x64
		{E158DDF6-3CEF-4263-88BE-B7A88B472B6F}.Release|x86.ActiveCfg = Release|x86
		{E158DDF6-3CEF-4263-88BE-B7A88B472B6F}.Release|x86.Build.0 = Release|x86
		{4CB96626-A99E-45B6-8C84-CE94C694CD52}.Debug|Any CPU.ActiveCfg = Debug|Any CPU
		{4CB96626-A99E-45B6-8C84-CE94C694CD52}.Debug|Any CPU.Build.0 = Debug|Any CPU
		{4CB96626-A99E-45B6-8C84-CE94C694CD52}.Debug|Any CPU.Deploy.0 = Debug|Any CPU
		{4CB96626-A99E-45B6-8C84-CE94C694CD52}.Debug|ARM.ActiveCfg = Debug|ARM
		{4CB96626-A99E-45B6-8C84-CE94C694CD52}.Debug|ARM.Build.0 = Debug|ARM
		{4CB96626-A99E-45B6-8C84-CE94C694CD52}.Debug|ARM.Deploy.0 = Debug|ARM
		{4CB96626-A99E-45B6-8C84-CE94C694CD52}.Debug|x64.ActiveCfg = Debug|Any CPU
		{4CB96626-A99E-45B6-8C84-CE94C694CD52}.Debug|x86.ActiveCfg = Debug|x86
		{4CB96626-A99E-45B6-8C84-CE94C694CD52}.Debug|x86.Build.0 = Debug|x86
		{4CB96626-A99E-45B6-8C84-CE94C694CD52}.Debug|x86.Deploy.0 = Debug|x86
		{4CB96626-A99E-45B6-8C84-CE94C694CD52}.Release|Any CPU.ActiveCfg = Release|Any CPU
		{4CB96626-A99E-45B6-8C84-CE94C694CD52}.Release|Any CPU.Build.0 = Release|Any CPU
		{4CB96626-A99E-45B6-8C84-CE94C694CD52}.Release|Any CPU.Deploy.0 = Release|Any CPU
		{4CB96626-A99E-45B6-8C84-CE94C694CD52}.Release|ARM.ActiveCfg = Release|ARM
		{4CB96626-A99E-45B6-8C84-CE94C694CD52}.Release|ARM.Build.0 = Release|ARM
		{4CB96626-A99E-45B6-8C84-CE94C694CD52}.Release|ARM.Deploy.0 = Release|ARM
		{4CB96626-A99E-45B6-8C84-CE94C694CD52}.Release|x64.ActiveCfg = Release|Any CPU
		{4CB96626-A99E-45B6-8C84-CE94C694CD52}.Release|x86.ActiveCfg = Release|x86
		{4CB96626-A99E-45B6-8C84-CE94C694CD52}.Release|x86.Build.0 = Release|x86
		{4CB96626-A99E-45B6-8C84-CE94C694CD52}.Release|x86.Deploy.0 = Release|x86
		{5CBF3DC1-BE34-45C7-9C56-4FE1B337F726}.Debug|Any CPU.ActiveCfg = Debug|Any CPU
		{5CBF3DC1-BE34-45C7-9C56-4FE1B337F726}.Debug|Any CPU.Build.0 = Debug|Any CPU
		{5CBF3DC1-BE34-45C7-9C56-4FE1B337F726}.Debug|Any CPU.Deploy.0 = Debug|Any CPU
		{5CBF3DC1-BE34-45C7-9C56-4FE1B337F726}.Debug|ARM.ActiveCfg = Debug|ARM
		{5CBF3DC1-BE34-45C7-9C56-4FE1B337F726}.Debug|ARM.Build.0 = Debug|ARM
		{5CBF3DC1-BE34-45C7-9C56-4FE1B337F726}.Debug|ARM.Deploy.0 = Debug|ARM
		{5CBF3DC1-BE34-45C7-9C56-4FE1B337F726}.Debug|x64.ActiveCfg = Debug|Any CPU
		{5CBF3DC1-BE34-45C7-9C56-4FE1B337F726}.Debug|x86.ActiveCfg = Debug|x86
		{5CBF3DC1-BE34-45C7-9C56-4FE1B337F726}.Debug|x86.Build.0 = Debug|x86
		{5CBF3DC1-BE34-45C7-9C56-4FE1B337F726}.Debug|x86.Deploy.0 = Debug|x86
		{5CBF3DC1-BE34-45C7-9C56-4FE1B337F726}.Release|Any CPU.ActiveCfg = Release|Any CPU
		{5CBF3DC1-BE34-45C7-9C56-4FE1B337F726}.Release|Any CPU.Build.0 = Release|Any CPU
		{5CBF3DC1-BE34-45C7-9C56-4FE1B337F726}.Release|Any CPU.Deploy.0 = Release|Any CPU
		{5CBF3DC1-BE34-45C7-9C56-4FE1B337F726}.Release|ARM.ActiveCfg = Release|ARM
		{5CBF3DC1-BE34-45C7-9C56-4FE1B337F726}.Release|ARM.Build.0 = Release|ARM
		{5CBF3DC1-BE34-45C7-9C56-4FE1B337F726}.Release|ARM.Deploy.0 = Release|ARM
		{5CBF3DC1-BE34-45C7-9C56-4FE1B337F726}.Release|x64.ActiveCfg = Release|Any CPU
		{5CBF3DC1-BE34-45C7-9C56-4FE1B337F726}.Release|x86.ActiveCfg = Release|x86
		{5CBF3DC1-BE34-45C7-9C56-4FE1B337F726}.Release|x86.Build.0 = Release|x86
		{5CBF3DC1-BE34-45C7-9C56-4FE1B337F726}.Release|x86.Deploy.0 = Release|x86
		{BAC8D2E6-BE48-435E-9E56-A36790FD43B6}.Debug|Any CPU.ActiveCfg = Debug|Any CPU
		{BAC8D2E6-BE48-435E-9E56-A36790FD43B6}.Debug|Any CPU.Build.0 = Debug|Any CPU
		{BAC8D2E6-BE48-435E-9E56-A36790FD43B6}.Debug|ARM.ActiveCfg = Debug|Any CPU
		{BAC8D2E6-BE48-435E-9E56-A36790FD43B6}.Debug|x64.ActiveCfg = Debug|Any CPU
		{BAC8D2E6-BE48-435E-9E56-A36790FD43B6}.Debug|x86.ActiveCfg = Debug|Any CPU
		{BAC8D2E6-BE48-435E-9E56-A36790FD43B6}.Release|Any CPU.ActiveCfg = Release|Any CPU
		{BAC8D2E6-BE48-435E-9E56-A36790FD43B6}.Release|Any CPU.Build.0 = Release|Any CPU
		{BAC8D2E6-BE48-435E-9E56-A36790FD43B6}.Release|ARM.ActiveCfg = Release|Any CPU
		{BAC8D2E6-BE48-435E-9E56-A36790FD43B6}.Release|x64.ActiveCfg = Release|Any CPU
		{BAC8D2E6-BE48-435E-9E56-A36790FD43B6}.Release|x86.ActiveCfg = Release|Any CPU
	EndGlobalSection
	GlobalSection(SolutionProperties) = preSolution
		HideSolutionNode = FALSE
	EndGlobalSection
	GlobalSection(NestedProjects) = preSolution
		{73210CB2-75C6-40AE-85C0-76D85B0305B1} = {2E8CDFB8-11D5-4DFA-8C08-46778C20F53C}
		{0B40A108-87F0-4B92-BD42-EF5849E511FF} = {2E8CDFB8-11D5-4DFA-8C08-46778C20F53C}
		{4CB96626-A99E-45B6-8C84-CE94C694CD52} = {2E8CDFB8-11D5-4DFA-8C08-46778C20F53C}
	EndGlobalSection
EndGlobal
